
Microsoft Visual Studio Solution File, Format Version 12.00
# Visual Studio Version 17
VisualStudioVersion = 17.0.31903.59
MinimumVisualStudioVersion = 10.0.40219.1
Project("{FAE04EC0-301F-11D3-BF4B-00C04F79EFBC}") = "EmployeeManagementSystem.API", "EmployeeManagementSystem.API\EmployeeManagementSystem.API.csproj", "{0B820EE0-4993-442F-AA97-8830D142EAF7}"
EndProject
Project("{FAE04EC0-301F-11D3-BF4B-00C04F79EFBC}") = "EmployeeManagementSystem.Application", "EmployeeManagementSystem.Application\EmployeeManagementSystem.Application.csproj", "{28F31A32-8031-4DF7-B3BB-FD9781523E8D}"
EndProject
Project("{FAE04EC0-301F-11D3-BF4B-00C04F79EFBC}") = "EmployeeManagementSystem.Domain", "EmployeeManagementSystem.Domain\EmployeeManagementSystem.Domain.csproj", "{268ABBD2-8AA1-4A69-8D73-DD9F44BFEF8D}"
EndProject
Project("{FAE04EC0-301F-11D3-BF4B-00C04F79EFBC}") = "EmployeeManagementSystem.Infrastructure", "EmployeeManagementSystem.Infrastructure\EmployeeManagementSystem.Infrastructure.csproj", "{A14E987E-E9AE-4FDA-88D8-A47C98D5884A}"
EndProject
Global
	GlobalSection(SolutionConfigurationPlatforms) = preSolution
		Debug|Any CPU = Debug|Any CPU
		Debug|x64 = Debug|x64
		Debug|x86 = Debug|x86
		Release|Any CPU = Release|Any CPU
		Release|x64 = Release|x64
		Release|x86 = Release|x86
	EndGlobalSection
	GlobalSection(ProjectConfigurationPlatforms) = postSolution
		{0B820EE0-4993-442F-AA97-8830D142EAF7}.Debug|Any CPU.ActiveCfg = Debug|Any CPU
		{0B820EE0-4993-442F-AA97-8830D142EAF7}.Debug|Any CPU.Build.0 = Debug|Any CPU
		{0B820EE0-4993-442F-AA97-8830D142EAF7}.Debug|x64.ActiveCfg = Debug|Any CPU
		{0B820EE0-4993-442F-AA97-8830D142EAF7}.Debug|x64.Build.0 = Debug|Any CPU
		{0B820EE0-4993-442F-AA97-8830D142EAF7}.Debug|x86.ActiveCfg = Debug|Any CPU
		{0B820EE0-4993-442F-AA97-8830D142EAF7}.Debug|x86.Build.0 = Debug|Any CPU
		{0B820EE0-4993-442F-AA97-8830D142EAF7}.Release|Any CPU.ActiveCfg = Release|Any CPU
		{0B820EE0-4993-442F-AA97-8830D142EAF7}.Release|Any CPU.Build.0 = Release|Any CPU
		{0B820EE0-4993-442F-AA97-8830D142EAF7}.Release|x64.ActiveCfg = Release|Any CPU
		{0B820EE0-4993-442F-AA97-8830D142EAF7}.Release|x64.Build.0 = Release|Any CPU
		{0B820EE0-4993-442F-AA97-8830D142EAF7}.Release|x86.ActiveCfg = Release|Any CPU
		{0B820EE0-4993-442F-AA97-8830D142EAF7}.Release|x86.Build.0 = Release|Any CPU
		{28F31A32-8031-4DF7-B3BB-FD9781523E8D}.Debug|Any CPU.ActiveCfg = Debug|Any CPU
		{28F31A32-8031-4DF7-B3BB-FD9781523E8D}.Debug|Any CPU.Build.0 = Debug|Any CPU
		{28F31A32-8031-4DF7-B3BB-FD9781523E8D}.Debug|x64.ActiveCfg = Debug|Any CPU
		{28F31A32-8031-4DF7-B3BB-FD9781523E8D}.Debug|x64.Build.0 = Debug|Any CPU
		{28F31A32-8031-4DF7-B3BB-FD9781523E8D}.Debug|x86.ActiveCfg = Debug|Any CPU
		{28F31A32-8031-4DF7-B3BB-FD9781523E8D}.Debug|x86.Build.0 = Debug|Any CPU
		{28F31A32-8031-4DF7-B3BB-FD9781523E8D}.Release|Any CPU.ActiveCfg = Release|Any CPU
		{28F31A32-8031-4DF7-B3BB-FD9781523E8D}.Release|Any CPU.Build.0 = Release|Any CPU
		{28F31A32-8031-4DF7-B3BB-FD9781523E8D}.Release|x64.ActiveCfg = Release|Any CPU
		{28F31A32-8031-4DF7-B3BB-FD9781523E8D}.Release|x64.Build.0 = Release|Any CPU
		{28F31A32-8031-4DF7-B3BB-FD9781523E8D}.Release|x86.ActiveCfg = Release|Any CPU
		{28F31A32-8031-4DF7-B3BB-FD9781523E8D}.Release|x86.Build.0 = Release|Any CPU
		{268ABBD2-8AA1-4A69-8D73-DD9F44BFEF8D}.Debug|Any CPU.ActiveCfg = Debug|Any CPU
		{268ABBD2-8AA1-4A69-8D73-DD9F44BFEF8D}.Debug|Any CPU.Build.0 = Debug|Any CPU
		{268ABBD2-8AA1-4A69-8D73-DD9F44BFEF8D}.Debug|x64.ActiveCfg = Debug|Any CPU
		{268ABBD2-8AA1-4A69-8D73-DD9F44BFEF8D}.Debug|x64.Build.0 = Debug|Any CPU
		{268ABBD2-8AA1-4A69-8D73-DD9F44BFEF8D}.Debug|x86.ActiveCfg = Debug|Any CPU
		{268ABBD2-8AA1-4A69-8D73-DD9F44BFEF8D}.Debug|x86.Build.0 = Debug|Any CPU
		{268ABBD2-8AA1-4A69-8D73-DD9F44BFEF8D}.Release|Any CPU.ActiveCfg = Release|Any CPU
		{268ABBD2-8AA1-4A69-8D73-DD9F44BFEF8D}.Release|Any CPU.Build.0 = Release|Any CPU
		{268ABBD2-8AA1-4A69-8D73-DD9F44BFEF8D}.Release|x64.ActiveCfg = Release|Any CPU
		{268ABBD2-8AA1-4A69-8D73-DD9F44BFEF8D}.Release|x64.Build.0 = Release|Any CPU
		{268ABBD2-8AA1-4A69-8D73-DD9F44BFEF8D}.Release|x86.ActiveCfg = Release|Any CPU
		{268ABBD2-8AA1-4A69-8D73-DD9F44BFEF8D}.Release|x86.Build.0 = Release|Any CPU
		{A14E987E-E9AE-4FDA-88D8-A47C98D5884A}.Debug|Any CPU.ActiveCfg = Debug|Any CPU
		{A14E987E-E9AE-4FDA-88D8-A47C98D5884A}.Debug|Any CPU.Build.0 = Debug|Any CPU
		{A14E987E-E9AE-4FDA-88D8-A47C98D5884A}.Debug|x64.ActiveCfg = Debug|Any CPU
		{A14E987E-E9AE-4FDA-88D8-A47C98D5884A}.Debug|x64.Build.0 = Debug|Any CPU
		{A14E987E-E9AE-4FDA-88D8-A47C98D5884A}.Debug|x86.ActiveCfg = Debug|Any CPU
		{A14E987E-E9AE-4FDA-88D8-A47C98D5884A}.Debug|x86.Build.0 = Debug|Any CPU
		{A14E987E-E9AE-4FDA-88D8-A47C98D5884A}.Release|Any CPU.ActiveCfg = Release|Any CPU
		{A14E987E-E9AE-4FDA-88D8-A47C98D5884A}.Release|Any CPU.Build.0 = Release|Any CPU
		{A14E987E-E9AE-4FDA-88D8-A47C98D5884A}.Release|x64.ActiveCfg = Release|Any CPU
		{A14E987E-E9AE-4FDA-88D8-A47C98D5884A}.Release|x64.Build.0 = Release|Any CPU
		{A14E987E-E9AE-4FDA-88D8-A47C98D5884A}.Release|x86.ActiveCfg = Release|Any CPU
		{A14E987E-E9AE-4FDA-88D8-A47C98D5884A}.Release|x86.Build.0 = Release|Any CPU
	EndGlobalSection
	GlobalSection(SolutionProperties) = preSolution
		HideSolutionNode = FALSE
	EndGlobalSection
EndGlobal
